Microsoft Visual Studio Solution File, Format Version 12.00
# Visual Studio Version 17
VisualStudioVersion = 17.5.2.0
MinimumVisualStudioVersion = 10.0.40219.1
Project("{FAE04EC0-301F-11D3-BF4B-00C04F79EFBC}") = "WeatherForecastDashboard", "WeatherForecastDashboard.csproj", "{C0547814-6526-7481-F746-7A6029CC4D63}"
EndProject
Global
	GlobalSection(SolutionConfigurationPlatforms) = preSolution
		Debug|Any CPU = Debug|Any CPU
		Release|Any CPU = Release|Any CPU
	EndGlobalSection
	GlobalSection(ProjectConfigurationPlatforms) = postSolution
		{C0547814-6526-7481-F746-7A6029CC4D63}.Debug|Any CPU.ActiveCfg = Debug|Any CPU
		{C0547814-6526-7481-F746-7A6029CC4D63}.Debug|Any CPU.Build.0 = Debug|Any CPU
		{C0547814-6526-7481-F746-7A6029CC4D63}.Release|Any CPU.ActiveCfg = Release|Any CPU
		{C0547814-6526-7481-F746-7A6029CC4D63}.Release|Any CPU.Build.0 = Release|Any CPU
	EndGlobalSection
	GlobalSection(SolutionProperties) = preSolution
		HideSolutionNode = FALSE
	EndGlobalSection
	GlobalSection(ExtensibilityGlobals) = postSolution
		SolutionGuid = {74954BB9-253C-4DB3-A28D-6BD66A0FE4BD}
	EndGlobalSection
EndGlobal
